// !$*UTF8*$!
{
	archiveVersion = 1;
	classes = {
	};
	objectVersion = 50;
	objects = {

/* Begin PBXBuildFile section */
		0498B247253AA39900179426 /* OrderItemCard.swift in Sources */ = {isa = PBXBuildFile; fileRef = 0498B246253AA39900179426 /* OrderItemCard.swift */; };
		04BF36A3253E81FD008053DB /* UpdateStoreData.swift in Sources */ = {isa = PBXBuildFile; fileRef = 04BF36A2253E81FD008053DB /* UpdateStoreData.swift */; };
		04BF36A7253E89E0008053DB /* SelectReport.swift in Sources */ = {isa = PBXBuildFile; fileRef = 04BF36A6253E89E0008053DB /* SelectReport.swift */; };
		04E23DFB253A8D7800110B35 /* All_For_OneApp.swift in Sources */ = {isa = PBXBuildFile; fileRef = 04E23DFA253A8D7800110B35 /* All_For_OneApp.swift */; };
		04E23DFF253A8D7C00110B35 /* Assets.xcassets in Resources */ = {isa = PBXBuildFile; fileRef = 04E23DFE253A8D7C00110B35 /* Assets.xcassets */; };
		04E23E02253A8D7C00110B35 /* Preview Assets.xcassets in Resources */ = {isa = PBXBuildFile; fileRef = 04E23E01253A8D7C00110B35 /* Preview Assets.xcassets */; };
		CF55AC532540FC8B004AE087 /* OrdersView.swift in Sources */ = {isa = PBXBuildFile; fileRef = CF55AC522540FC8B004AE087 /* OrdersView.swift */; };
		CF55AC572540FCB3004AE087 /* OrdersViewModel.swift in Sources */ = {isa = PBXBuildFile; fileRef = CF55AC562540FCB3004AE087 /* OrdersViewModel.swift */; };
		CF5E04D1253E5DA400130F2A /* Ecommerce.swift in Sources */ = {isa = PBXBuildFile; fileRef = CF5E04D0253E5DA400130F2A /* Ecommerce.swift */; };
		CF5E04D5253E5DDB00130F2A /* Order.swift in Sources */ = {isa = PBXBuildFile; fileRef = CF5E04D4253E5DDB00130F2A /* Order.swift */; };
		CF5E04D8253E5E1900130F2A /* Data.swift in Sources */ = {isa = PBXBuildFile; fileRef = CF5E04D7253E5E1900130F2A /* Data.swift */; };
		CF5E04DD253E661C00130F2A /* ecommerces.json in Resources */ = {isa = PBXBuildFile; fileRef = CF5E04DC253E661C00130F2A /* ecommerces.json */; };
		CF5E04E5253EE8A300130F2A /* HomeViewModel.swift in Sources */ = {isa = PBXBuildFile; fileRef = CF5E04E4253EE8A300130F2A /* HomeViewModel.swift */; };
		CF5E04E9253EEBB100130F2A /* EcommerceCard.swift in Sources */ = {isa = PBXBuildFile; fileRef = CF5E04E8253EEBB100130F2A /* EcommerceCard.swift */; };
		CFF271AC2540F37900C50C9D /* HomeView.swift in Sources */ = {isa = PBXBuildFile; fileRef = CFF271AA2540F37900C50C9D /* HomeView.swift */; };
		CFF271AD2540F37900C50C9D /* AddEcommerce.swift in Sources */ = {isa = PBXBuildFile; fileRef = CFF271AB2540F37900C50C9D /* AddEcommerce.swift */; };
/* End PBXBuildFile section */

/* Begin PBXFileReference section */
		0498B246253AA39900179426 /* OrderItemCard.swift */ = {isa = PBXFileReference; lastKnownFileType = sourcecode.swift; path = OrderItemCard.swift; sourceTree = "<group>"; };
		04BF36A2253E81FD008053DB /* UpdateStoreData.swift */ = {isa = PBXFileReference; lastKnownFileType = sourcecode.swift; path = UpdateStoreData.swift; sourceTree = "<group>"; };
		04BF36A6253E89E0008053DB /* SelectReport.swift */ = {isa = PBXFileReference; lastKnownFileType = sourcecode.swift; path = SelectReport.swift; sourceTree = "<group>"; };
		04E23DF7253A8D7800110B35 /* All For One.app */ = {isa = PBXFileReference; explicitFileType = wrapper.application; includeInIndex = 0; path = "All For One.app"; sourceTree = BUILT_PRODUCTS_DIR; };
		04E23DFA253A8D7800110B35 /* All_For_OneApp.swift */ = {isa = PBXFileReference; lastKnownFileType = sourcecode.swift; path = All_For_OneApp.swift; sourceTree = "<group>"; };
		04E23DFE253A8D7C00110B35 /* Assets.xcassets */ = {isa = PBXFileReference; lastKnownFileType = folder.assetcatalog; path = Assets.xcassets; sourceTree = "<group>"; };
		04E23E01253A8D7C00110B35 /* Preview Assets.xcassets */ = {isa = PBXFileReference; lastKnownFileType = folder.assetcatalog; path = "Preview Assets.xcassets"; sourceTree = "<group>"; };
		04E23E03253A8D7C00110B35 /* Info.plist */ = {isa = PBXFileReference; lastKnownFileType = text.plist.xml; path = Info.plist; sourceTree = "<group>"; };
		CF55AC522540FC8B004AE087 /* OrdersView.swift */ = {isa = PBXFileReference; lastKnownFileType = sourcecode.swift; path = OrdersView.swift; sourceTree = "<group>"; };
		CF55AC562540FCB3004AE087 /* OrdersViewModel.swift */ = {isa = PBXFileReference; lastKnownFileType = sourcecode.swift; path = OrdersViewModel.swift; sourceTree = "<group>"; };
		CF5E04D0253E5DA400130F2A /* Ecommerce.swift */ = {isa = PBXFileReference; lastKnownFileType = sourcecode.swift; path = Ecommerce.swift; sourceTree = "<group>"; };
		CF5E04D4253E5DDB00130F2A /* Order.swift */ = {isa = PBXFileReference; lastKnownFileType = sourcecode.swift; path = Order.swift; sourceTree = "<group>"; };
		CF5E04D7253E5E1900130F2A /* Data.swift */ = {isa = PBXFileReference; lastKnownFileType = sourcecode.swift; path = Data.swift; sourceTree = "<group>"; };
		CF5E04DC253E661C00130F2A /* ecommerces.json */ = {isa = PBXFileReference; fileEncoding = 4; lastKnownFileType = text.json; path = ecommerces.json; sourceTree = "<group>"; };
		CF5E04E4253EE8A300130F2A /* HomeViewModel.swift */ = {isa = PBXFileReference; lastKnownFileType = sourcecode.swift; path = HomeViewModel.swift; sourceTree = "<group>"; };
		CF5E04E8253EEBB100130F2A /* EcommerceCard.swift */ = {isa = PBXFileReference; lastKnownFileType = sourcecode.swift; path = EcommerceCard.swift; sourceTree = "<group>"; };
		CFF271AA2540F37900C50C9D /* HomeView.swift */ = {isa = PBXFileReference; fileEncoding = 4; lastKnownFileType = sourcecode.swift; path = HomeView.swift; sourceTree = "<group>"; };
		CFF271AB2540F37900C50C9D /* AddEcommerce.swift */ = {isa = PBXFileReference; fileEncoding = 4; lastKnownFileType = sourcecode.swift; path = AddEcommerce.swift; sourceTree = "<group>"; };
/* End PBXFileReference section */

/* Begin PBXFrameworksBuildPhase section */
		04E23DF4253A8D7800110B35 /* Frameworks */ = {
			isa = PBXFrameworksBuildPhase;
			buildActionMask = 2147483647;
			files = (
			);
			runOnlyForDeploymentPostprocessing = 0;
		};
/* End PBXFrameworksBuildPhase section */

/* Begin PBXGroup section */
		04E23DEE253A8D7800110B35 = {
			isa = PBXGroup;
			children = (
				04E23DF9253A8D7800110B35 /* All For One */,
				04E23DF8253A8D7800110B35 /* Products */,
			);
			sourceTree = "<group>";
		};
		04E23DF8253A8D7800110B35 /* Products */ = {
			isa = PBXGroup;
			children = (
				04E23DF7253A8D7800110B35 /* All For One.app */,
			);
			name = Products;
			sourceTree = "<group>";
		};
		04E23DF9253A8D7800110B35 /* All For One */ = {
			isa = PBXGroup;
			children = (
				CF5E04DB253E65ED00130F2A /* Data */,
				CF5E04CF253E5D8A00130F2A /* Model */,
				04E23E0A253A8DF200110B35 /* View */,
				04E23DFA253A8D7800110B35 /* All_For_OneApp.swift */,
				04E23DFE253A8D7C00110B35 /* Assets.xcassets */,
				04E23E03253A8D7C00110B35 /* Info.plist */,
				04E23E00253A8D7C00110B35 /* Preview Content */,
			);
			path = "All For One";
			sourceTree = "<group>";
		};
		04E23E00253A8D7C00110B35 /* Preview Content */ = {
			isa = PBXGroup;
			children = (
				04E23E01253A8D7C00110B35 /* Preview Assets.xcassets */,
			);
			path = "Preview Content";
			sourceTree = "<group>";
		};
		04E23E0A253A8DF200110B35 /* View */ = {
			isa = PBXGroup;
			children = (
				CF55AC512540FC62004AE087 /* OrdersScreen */,
				CF5E04EF253EEEC100130F2A /* HomeScreen */,
				04BF36A2253E81FD008053DB /* UpdateStoreData.swift */,
				04BF36A6253E89E0008053DB /* SelectReport.swift */,
			);
			path = View;
			sourceTree = "<group>";
		};
		CF55AC512540FC62004AE087 /* OrdersScreen */ = {
			isa = PBXGroup;
			children = (
				CF55AC522540FC8B004AE087 /* OrdersView.swift */,
				CF55AC562540FCB3004AE087 /* OrdersViewModel.swift */,
				0498B246253AA39900179426 /* OrderItemCard.swift */,
			);
			path = OrdersScreen;
			sourceTree = "<group>";
		};
		CF5E04CF253E5D8A00130F2A /* Model */ = {
			isa = PBXGroup;
			children = (
				CF5E04D7253E5E1900130F2A /* Data.swift */,
				CF5E04D0253E5DA400130F2A /* Ecommerce.swift */,
				CF5E04D4253E5DDB00130F2A /* Order.swift */,
			);
			path = Model;
			sourceTree = "<group>";
		};
		CF5E04DB253E65ED00130F2A /* Data */ = {
			isa = PBXGroup;
			children = (
				CF5E04DC253E661C00130F2A /* ecommerces.json */,
			);
			path = Data;
			sourceTree = "<group>";
		};
		CF5E04EF253EEEC100130F2A /* HomeScreen */ = {
			isa = PBXGroup;
			children = (
				CFF271AB2540F37900C50C9D /* AddEcommerce.swift */,
				CFF271AA2540F37900C50C9D /* HomeView.swift */,
				CF5E04E4253EE8A300130F2A /* HomeViewModel.swift */,
				CF5E04E8253EEBB100130F2A /* EcommerceCard.swift */,
			);
			path = HomeScreen;
			sourceTree = "<group>";
		};
/* End PBXGroup section */

/* Begin PBXNativeTarget section */
		04E23DF6253A8D7800110B35 /* All For One */ = {
			isa = PBXNativeTarget;
			buildConfigurationList = 04E23E06253A8D7C00110B35 /* Build configuration list for PBXNativeTarget "All For One" */;
			buildPhases = (
				04E23DF3253A8D7800110B35 /* Sources */,
				04E23DF4253A8D7800110B35 /* Frameworks */,
				04E23DF5253A8D7800110B35 /* Resources */,
			);
			buildRules = (
			);
			dependencies = (
			);
			name = "All For One";
			productName = "All For One";
			productReference = 04E23DF7253A8D7800110B35 /* All For One.app */;
			productType = "com.apple.product-type.application";
		};
/* End PBXNativeTarget section */

/* Begin PBXProject section */
		04E23DEF253A8D7800110B35 /* Project object */ = {
			isa = PBXProject;
			attributes = {
				LastSwiftUpdateCheck = 1200;
				LastUpgradeCheck = 1200;
				TargetAttributes = {
					04E23DF6253A8D7800110B35 = {
						CreatedOnToolsVersion = 12.0;
					};
				};
			};
			buildConfigurationList = 04E23DF2253A8D7800110B35 /* Build configuration list for PBXProject "All For One" */;
			compatibilityVersion = "Xcode 9.3";
			developmentRegion = en;
			hasScannedForEncodings = 0;
			knownRegions = (
				en,
				Base,
			);
			mainGroup = 04E23DEE253A8D7800110B35;
			productRefGroup = 04E23DF8253A8D7800110B35 /* Products */;
			projectDirPath = "";
			projectRoot = "";
			targets = (
				04E23DF6253A8D7800110B35 /* All For One */,
			);
		};
/* End PBXProject section */

/* Begin PBXResourcesBuildPhase section */
		04E23DF5253A8D7800110B35 /* Resources */ = {
			isa = PBXResourcesBuildPhase;
			buildActionMask = 2147483647;
			files = (
				04E23E02253A8D7C00110B35 /* Preview Assets.xcassets in Resources */,
				CF5E04DD253E661C00130F2A /* ecommerces.json in Resources */,
				04E23DFF253A8D7C00110B35 /* Assets.xcassets in Resources */,
			);
			runOnlyForDeploymentPostprocessing = 0;
		};
/* End PBXResourcesBuildPhase section */

/* Begin PBXSourcesBuildPhase section */
		04E23DF3253A8D7800110B35 /* Sources */ = {
			isa = PBXSourcesBuildPhase;
			buildActionMask = 2147483647;
			files = (
				CF5E04E5253EE8A300130F2A /* HomeViewModel.swift in Sources */,
				CFF271AC2540F37900C50C9D /* HomeView.swift in Sources */,
				CF5E04D8253E5E1900130F2A /* Data.swift in Sources */,
				CF5E04D5253E5DDB00130F2A /* Order.swift in Sources */,
				CF5E04D1253E5DA400130F2A /* Ecommerce.swift in Sources */,
				CF55AC532540FC8B004AE087 /* OrdersView.swift in Sources */,
				0498B247253AA39900179426 /* OrderItemCard.swift in Sources */,
				04E23DFB253A8D7800110B35 /* All_For_OneApp.swift in Sources */,
				CFF271AD2540F37900C50C9D /* AddEcommerce.swift in Sources */,
				04BF36A3253E81FD008053DB /* UpdateStoreData.swift in Sources */,
				CF55AC572540FCB3004AE087 /* OrdersViewModel.swift in Sources */,
				04BF36A7253E89E0008053DB /* SelectReport.swift in Sources */,
				CF5E04E9253EEBB100130F2A /* EcommerceCard.swift in Sources */,
			);
			runOnlyForDeploymentPostprocessing = 0;
		};
/* End PBXSourcesBuildPhase section */

/* Begin XCBuildConfiguration section */
		04E23E04253A8D7C00110B35 /* Debug */ = {
			isa = XCBuildConfiguration;
			buildSettings = {
				ALWAYS_SEARCH_USER_PATHS = NO;
				CLANG_ANALYZER_NONNULL = YES;
				CLANG_ANALYZER_NUMBER_OBJECT_CONVERSION = YES_AGGRESSIVE;
				CLANG_CXX_LANGUAGE_STANDARD = "gnu++14";
				CLANG_CXX_LIBRARY = "libc++";
				CLANG_ENABLE_MODULES = YES;
				CLANG_ENABLE_OBJC_ARC = YES;
				CLANG_ENABLE_OBJC_WEAK = YES;
				CLANG_WARN_BLOCK_CAPTURE_AUTORELEASING = YES;
				CLANG_WARN_BOOL_CONVERSION = YES;
				CLANG_WARN_COMMA = YES;
				CLANG_WARN_CONSTANT_CONVERSION = YES;
				CLANG_WARN_DEPRECATED_OBJC_IMPLEMENTATIONS = YES;
				CLANG_WARN_DIRECT_OBJC_ISA_USAGE = YES_ERROR;
				CLANG_WARN_DOCUMENTATION_COMMENTS = YES;
				CLANG_WARN_EMPTY_BODY = YES;
				CLANG_WARN_ENUM_CONVERSION = YES;
				CLANG_WARN_INFINITE_RECURSION = YES;
				CLANG_WARN_INT_CONVERSION = YES;
				CLANG_WARN_NON_LITERAL_NULL_CONVERSION = YES;
				CLANG_WARN_OBJC_IMPLICIT_RETAIN_SELF = YES;
				CLANG_WARN_OBJC_LITERAL_CONVERSION = YES;
				CLANG_WARN_OBJC_ROOT_CLASS = YES_ERROR;
				CLANG_WARN_QUOTED_INCLUDE_IN_FRAMEWORK_HEADER = YES;
				CLANG_WARN_RANGE_LOOP_ANALYSIS = YES;
				CLANG_WARN_STRICT_PROTOTYPES = YES;
				CLANG_WARN_SUSPICIOUS_MOVE = YES;
				CLANG_WARN_UNGUARDED_AVAILABILITY = YES_AGGRESSIVE;
				CLANG_WARN_UNREACHABLE_CODE = YES;
				CLANG_WARN__DUPLICATE_METHOD_MATCH = YES;
				COPY_PHASE_STRIP = NO;
				DEBUG_INFORMATION_FORMAT = dwarf;
				ENABLE_STRICT_OBJC_MSGSEND = YES;
				ENABLE_TESTABILITY = YES;
				GCC_C_LANGUAGE_STANDARD = gnu11;
				GCC_DYNAMIC_NO_PIC = NO;
				GCC_NO_COMMON_BLOCKS = YES;
				GCC_OPTIMIZATION_LEVEL = 0;
				GCC_PREPROCESSOR_DEFINITIONS = (
					"DEBUG=1",
					"$(inherited)",
				);
				GCC_WARN_64_TO_32_BIT_CONVERSION = YES;
				GCC_WARN_ABOUT_RETURN_TYPE = YES_ERROR;
				GCC_WARN_UNDECLARED_SELECTOR = YES;
				GCC_WARN_UNINITIALIZED_AUTOS = YES_AGGRESSIVE;
				GCC_WARN_UNUSED_FUNCTION = YES;
				GCC_WARN_UNUSED_VARIABLE = YES;
				IPHONEOS_DEPLOYMENT_TARGET = 14.0;
				MTL_ENABLE_DEBUG_INFO = INCLUDE_SOURCE;
				MTL_FAST_MATH = YES;
				ONLY_ACTIVE_ARCH = YES;
				SDKROOT = iphoneos;
				SWIFT_ACTIVE_COMPILATION_CONDITIONS = DEBUG;
				SWIFT_OPTIMIZATION_LEVEL = "-Onone";
			};
			name = Debug;
		};
		04E23E05253A8D7C00110B35 /* Release */ = {
			isa = XCBuildConfiguration;
			buildSettings = {
				ALWAYS_SEARCH_USER_PATHS = NO;
				CLANG_ANALYZER_NONNULL = YES;
				CLANG_ANALYZER_NUMBER_OBJECT_CONVERSION = YES_AGGRESSIVE;
				CLANG_CXX_LANGUAGE_STANDARD = "gnu++14";
				CLANG_CXX_LIBRARY = "libc++";
				CLANG_ENABLE_MODULES = YES;
				CLANG_ENABLE_OBJC_ARC = YES;
				CLANG_ENABLE_OBJC_WEAK = YES;
				CLANG_WARN_BLOCK_CAPTURE_AUTORELEASING = YES;
				CLANG_WARN_BOOL_CONVERSION = YES;
				CLANG_WARN_COMMA = YES;
				CLANG_WARN_CONSTANT_CONVERSION = YES;
				CLANG_WARN_DEPRECATED_OBJC_IMPLEMENTATIONS = YES;
				CLANG_WARN_DIRECT_OBJC_ISA_USAGE = YES_ERROR;
				CLANG_WARN_DOCUMENTATION_COMMENTS = YES;
				CLANG_WARN_EMPTY_BODY = YES;
				CLANG_WARN_ENUM_CONVERSION = YES;
				CLANG_WARN_INFINITE_RECURSION = YES;
				CLANG_WARN_INT_CONVERSION = YES;
				CLANG_WARN_NON_LITERAL_NULL_CONVERSION = YES;
				CLANG_WARN_OBJC_IMPLICIT_RETAIN_SELF = YES;
				CLANG_WARN_OBJC_LITERAL_CONVERSION = YES;
				CLANG_WARN_OBJC_ROOT_CLASS = YES_ERROR;
				CLANG_WARN_QUOTED_INCLUDE_IN_FRAMEWORK_HEADER = YES;
				CLANG_WARN_RANGE_LOOP_ANALYSIS = YES;
				CLANG_WARN_STRICT_PROTOTYPES = YES;
				CLANG_WARN_SUSPICIOUS_MOVE = YES;
				CLANG_WARN_UNGUARDED_AVAILABILITY = YES_AGGRESSIVE;
				CLANG_WARN_UNREACHABLE_CODE = YES;
				CLANG_WARN__DUPLICATE_METHOD_MATCH = YES;
				COPY_PHASE_STRIP = NO;
				DEBUG_INFORMATION_FORMAT = "dwarf-with-dsym";
				ENABLE_NS_ASSERTIONS = NO;
				ENABLE_STRICT_OBJC_MSGSEND = YES;
				GCC_C_LANGUAGE_STANDARD = gnu11;
				GCC_NO_COMMON_BLOCKS = YES;
				GCC_WARN_64_TO_32_BIT_CONVERSION = YES;
				GCC_WARN_ABOUT_RETURN_TYPE = YES_ERROR;
				GCC_WARN_UNDECLARED_SELECTOR = YES;
				GCC_WARN_UNINITIALIZED_AUTOS = YES_AGGRESSIVE;
				GCC_WARN_UNUSED_FUNCTION = YES;
				GCC_WARN_UNUSED_VARIABLE = YES;
				IPHONEOS_DEPLOYMENT_TARGET = 14.0;
				MTL_ENABLE_DEBUG_INFO = NO;
				MTL_FAST_MATH = YES;
				SDKROOT = iphoneos;
				SWIFT_COMPILATION_MODE = wholemodule;
				SWIFT_OPTIMIZATION_LEVEL = "-O";
				VALIDATE_PRODUCT = YES;
			};
			name = Release;
		};
		04E23E07253A8D7C00110B35 /* Debug */ = {
			isa = XCBuildConfiguration;
			buildSettings = {
				ASSETCATALOG_COMPILER_APPICON_NAME = AppIcon;
				ASSETCATALOG_COMPILER_GLOBAL_ACCENT_COLOR_NAME = AccentColor;
				CODE_SIGN_STYLE = Automatic;
				DEVELOPMENT_ASSET_PATHS = "\"All For One/Preview Content\"";
				DEVELOPMENT_TEAM = 9BB2SW97R4;
				ENABLE_PREVIEWS = YES;
				INFOPLIST_FILE = "All For One/Info.plist";
				IPHONEOS_DEPLOYMENT_TARGET = 14.0;
				LD_RUNPATH_SEARCH_PATHS = (
					"$(inherited)",
					"@executable_path/Frameworks",
				);
				PRODUCT_BUNDLE_IDENTIFIER = "lupe.All-For-One";
				PRODUCT_NAME = "$(TARGET_NAME)";
				SWIFT_VERSION = 5.0;
				TARGETED_DEVICE_FAMILY = "1,2";
			};
			name = Debug;
		};
		04E23E08253A8D7C00110B35 /* Release */ = {
			isa = XCBuildConfiguration;
			buildSettings = {
				ASSETCATALOG_COMPILER_APPICON_NAME = AppIcon;
				ASSETCATALOG_COMPILER_GLOBAL_ACCENT_COLOR_NAME = AccentColor;
				CODE_SIGN_STYLE = Automatic;
				DEVELOPMENT_ASSET_PATHS = "\"All For One/Preview Content\"";
				DEVELOPMENT_TEAM = 9BB2SW97R4;
				ENABLE_PREVIEWS = YES;
				INFOPLIST_FILE = "All For One/Info.plist";
				IPHONEOS_DEPLOYMENT_TARGET = 14.0;
				LD_RUNPATH_SEARCH_PATHS = (
					"$(inherited)",
					"@executable_path/Frameworks",
				);
				PRODUCT_BUNDLE_IDENTIFIER = "lupe.All-For-One";
				PRODUCT_NAME = "$(TARGET_NAME)";
				SWIFT_VERSION = 5.0;
				TARGETED_DEVICE_FAMILY = "1,2";
			};
			name = Release;
		};
/* End XCBuildConfiguration section */

/* Begin XCConfigurationList section */
		04E23DF2253A8D7800110B35 /* Build configuration list for PBXProject "All For One" */ = {
			isa = XCConfigurationList;
			buildConfigurations = (
				04E23E04253A8D7C00110B35 /* Debug */,
				04E23E05253A8D7C00110B35 /* Release */,
			);
			defaultConfigurationIsVisible = 0;
			defaultConfigurationName = Release;
		};
		04E23E06253A8D7C00110B35 /* Build configuration list for PBXNativeTarget "All For One" */ = {
			isa = XCConfigurationList;
			buildConfigurations = (
				04E23E07253A8D7C00110B35 /* Debug */,
				04E23E08253A8D7C00110B35 /* Release */,
			);
			defaultConfigurationIsVisible = 0;
			defaultConfigurationName = Release;
		};
/* End XCConfigurationList section */
	};
	rootObject = 04E23DEF253A8D7800110B35 /* Project object */;
}
